
Microsoft Visual Studio Solution File, Format Version 12.00
# Visual Studio 15
VisualStudioVersion = 15.0.28307.489
MinimumVisualStudioVersion = 10.0.40219.1
Project("{FAE04EC0-301F-11D3-BF4B-00C04F79EFBC}") = "WEB", "WEB\WEB.csproj", "{AD8ECA88-E628-45F9-BD5C-F3AD0C4B36DC}"
EndProject
Project("{FAE04EC0-301F-11D3-BF4B-00C04F79EFBC}") = "Dominio", "Dominio\Dominio.csproj", "{F5B3779B-2E6C-41E9-9F20-B02D2C39640E}"
EndProject
Project("{FAE04EC0-301F-11D3-BF4B-00C04F79EFBC}") = "Negocio", "Negocio\Negocio.csproj", "{1197C20F-5B6F-4DB2-B2B9-3A58ADB7D1A6}"
EndProject
Global
	GlobalSection(SolutionConfigurationPlatforms) = preSolution
		Debug|Any CPU = Debug|Any CPU
		Release|Any CPU = Release|Any CPU
	EndGlobalSection
	GlobalSection(ProjectConfigurationPlatforms) = postSolution
		{AD8ECA88-E628-45F9-BD5C-F3AD0C4B36DC}.Debug|Any CPU.ActiveCfg = Debug|Any CPU
		{AD8ECA88-E628-45F9-BD5C-F3AD0C4B36DC}.Debug|Any CPU.Build.0 = Debug|Any CPU
		{AD8ECA88-E628-45F9-BD5C-F3AD0C4B36DC}.Release|Any CPU.ActiveCfg = Release|Any CPU
		{AD8ECA88-E628-45F9-BD5C-F3AD0C4B36DC}.Release|Any CPU.Build.0 = Release|Any CPU
		{F5B3779B-2E6C-41E9-9F20-B02D2C39640E}.Debug|Any CPU.ActiveCfg = Debug|Any CPU
		{F5B3779B-2E6C-41E9-9F20-B02D2C39640E}.Debug|Any CPU.Build.0 = Debug|Any CPU
		{F5B3779B-2E6C-41E9-9F20-B02D2C39640E}.Release|Any CPU.ActiveCfg = Release|Any CPU
		{F5B3779B-2E6C-41E9-9F20-B02D2C39640E}.Release|Any CPU.Build.0 = Release|Any CPU
		{1197C20F-5B6F-4DB2-B2B9-3A58ADB7D1A6}.Debug|Any CPU.ActiveCfg = Debug|Any CPU
		{1197C20F-5B6F-4DB2-B2B9-3A58ADB7D1A6}.Debug|Any CPU.Build.0 = Debug|Any CPU
		{1197C20F-5B6F-4DB2-B2B9-3A58ADB7D1A6}.Release|Any CPU.ActiveCfg = Release|Any CPU
		{1197C20F-5B6F-4DB2-B2B9-3A58ADB7D1A6}.Release|Any CPU.Build.0 = Release|Any CPU
	EndGlobalSection
	GlobalSection(SolutionProperties) = preSolution
		HideSolutionNode = FALSE
	EndGlobalSection
	GlobalSection(ExtensibilityGlobals) = postSolution
		SolutionGuid = {D59EBFD3-A160-4A66-BFB7-1A776A82E7E7}
	EndGlobalSection
EndGlobal
